// !$*UTF8*$!
{
 archiveVersion = 1;
 classes = {};
 objectVersion = 56;
 objects = {
 B00000000000000000000006 = {isa = PBXFileReference; lastKnownFileType = sourcecode.swift; path = Meshboard/DebugInterop.swift; sourceTree = "<group>";};
 B00000000000000000000007 = {isa = PBXBuildFile; fileRef = B00000000000000000000006;};
 B00000000000000000000001 = {isa = XCRemoteSwiftPackageReference; repositoryURL = "https://github.com/stasel/WebRTC.git"; requirement = {kind = exactVersion; version = 153.0.0;};};
 B00000000000000000000002 = {isa = XCSwiftPackageProductDependency; package = B00000000000000000000001; productName = WebRTC;};
 B00000000000000000000003 = {isa = PBXBuildFile; productRef = B00000000000000000000002;};
 B00000000000000000000004 = {isa = PBXFileReference; lastKnownFileType = sourcecode.swift; path = Meshboard/AppleNetwork.swift; sourceTree = "<group>";};
 B00000000000000000000005 = {isa = PBXBuildFile; fileRef = B00000000000000000000004;};
 A00000000000000000000001 = {isa = PBXProject; attributes = {BuildIndependentTargetsInParallel = YES; LastUpgradeCheck = 2600;}; buildConfigurationList = A00000000000000000000002; compatibilityVersion = "Xcode 14.0"; developmentRegion = en; knownRegions = (en, Base); mainGroup = A00000000000000000000003; productRefGroup = A00000000000000000000004; projectDirPath = ""; projectRoot = ""; targets = (A00000000000000000000005); packageReferences = (B00000000000000000000001); };
 A00000000000000000000002 = {isa = XCConfigurationList; buildConfigurations = (A00000000000000000000010, A00000000000000000000011); defaultConfigurationIsVisible = 0; defaultConfigurationName = Release;};
 A00000000000000000000003 = {isa = PBXGroup; children = (B00000000000000000000006, B00000000000000000000004, A00000000000000000000006, A00000000000000000000007, A00000000000000000000004); sourceTree = "<group>";};
 A00000000000000000000004 = {isa = PBXGroup; children = (A00000000000000000000008); name = Products; sourceTree = "<group>";};
 A00000000000000000000005 = {isa = PBXNativeTarget; buildConfigurationList = A00000000000000000000009; buildPhases = (A00000000000000000000020, A00000000000000000000021, A00000000000000000000022, A00000000000000000000023); buildRules = (); dependencies = (); name = Meshboard; packageProductDependencies = (B00000000000000000000002); productName = Meshboard; productReference = A00000000000000000000008; productType = "com.apple.product-type.application";};
 A00000000000000000000006 = {isa = PBXFileReference; lastKnownFileType = sourcecode.swift; path = Meshboard/MeshboardApp.swift; sourceTree = "<group>";};
 A00000000000000000000007 = {isa = PBXFileReference; lastKnownFileType = folder.assetcatalog; path = Meshboard/Assets.xcassets; sourceTree = "<group>";};
 A00000000000000000000008 = {isa = PBXFileReference; explicitFileType = wrapper.application; includeInIndex = 0; path = Meshboard.app; sourceTree = BUILT_PRODUCTS_DIR;};
 A00000000000000000000009 = {isa = XCConfigurationList; buildConfigurations = (A00000000000000000000012, A00000000000000000000013); defaultConfigurationIsVisible = 0; defaultConfigurationName = Release;};
 A00000000000000000000010 = {isa = XCBuildConfiguration; buildSettings = {SDKROOT = iphoneos; IPHONEOS_DEPLOYMENT_TARGET = 16.0; CLANG_ENABLE_MODULES = YES; SWIFT_VERSION = 5.0;SWIFT_ACTIVE_COMPILATION_CONDITIONS = DEBUG;}; name = Debug;};
 A00000000000000000000011 = {isa = XCBuildConfiguration; buildSettings = {SDKROOT = iphoneos; IPHONEOS_DEPLOYMENT_TARGET = 16.0; CLANG_ENABLE_MODULES = YES; SWIFT_VERSION = 5.0;}; name = Release;};
 A00000000000000000000012 = {isa = XCBuildConfiguration; buildSettings = {ARCHS = arm64;
 ASSETCATALOG_COMPILER_APPICON_NAME = AppIcon;
 CODE_SIGN_STYLE = Automatic;
 CURRENT_PROJECT_VERSION = 1;
 MARKETING_VERSION = 0.1.0;
 PRODUCT_BUNDLE_IDENTIFIER = dev.meshboard.ios;
 PRODUCT_NAME = "$(TARGET_NAME)";
 TARGETED_DEVICE_FAMILY = "1,2";
 SUPPORTED_PLATFORMS = "iphoneos iphonesimulator";
 SUPPORTS_MACCATALYST = NO;
 GENERATE_INFOPLIST_FILE = YES;
 INFOPLIST_FILE = Meshboard/Info.plist;
 INFOPLIST_KEY_UIApplicationSceneManifest_Generation = YES;
 INFOPLIST_KEY_UILaunchScreen_Generation = YES;
 INFOPLIST_KEY_UIUserInterfaceStyle = Light;
 INFOPLIST_KEY_UISupportedInterfaceOrientations = "UIInterfaceOrientationPortrait UIInterfaceOrientationLandscapeLeft UIInterfaceOrientationLandscapeRight";
 INFOPLIST_KEY_UISupportedInterfaceOrientations_iPad = "UIInterfaceOrientationPortrait UIInterfaceOrientationPortraitUpsideDown UIInterfaceOrientationLandscapeLeft UIInterfaceOrientationLandscapeRight";
 ENABLE_USER_SCRIPT_SANDBOXING = NO;
 FRAMEWORK_SEARCH_PATHS = ("$(inherited)", "$(SRCROOT)/../build/xcode-frameworks/$(CONFIGURATION)/$(SDK_NAME)");
 LD_RUNPATH_SEARCH_PATHS = ("$(inherited)", "@executable_path/Frameworks");
 OTHER_LDFLAGS = ("$(inherited)", "-framework", MeshboardShared);
SWIFT_ACTIVE_COMPILATION_CONDITIONS = DEBUG;}; name = Debug;};
 A00000000000000000000013 = {isa = XCBuildConfiguration; buildSettings = {ARCHS = arm64;
 ASSETCATALOG_COMPILER_APPICON_NAME = AppIcon;
 CODE_SIGN_STYLE = Automatic;
 CURRENT_PROJECT_VERSION = 1;
 MARKETING_VERSION = 0.1.0;
 PRODUCT_BUNDLE_IDENTIFIER = dev.meshboard.ios;
 PRODUCT_NAME = "$(TARGET_NAME)";
 TARGETED_DEVICE_FAMILY = "1,2";
 SUPPORTED_PLATFORMS = "iphoneos iphonesimulator";
 SUPPORTS_MACCATALYST = NO;
 GENERATE_INFOPLIST_FILE = YES;
 INFOPLIST_FILE = Meshboard/Info.plist;
 INFOPLIST_KEY_UIApplicationSceneManifest_Generation = YES;
 INFOPLIST_KEY_UILaunchScreen_Generation = YES;
 INFOPLIST_KEY_UIUserInterfaceStyle = Light;
 INFOPLIST_KEY_UISupportedInterfaceOrientations = "UIInterfaceOrientationPortrait UIInterfaceOrientationLandscapeLeft UIInterfaceOrientationLandscapeRight";
 INFOPLIST_KEY_UISupportedInterfaceOrientations_iPad = "UIInterfaceOrientationPortrait UIInterfaceOrientationPortraitUpsideDown UIInterfaceOrientationLandscapeLeft UIInterfaceOrientationLandscapeRight";
 ENABLE_USER_SCRIPT_SANDBOXING = NO;
 FRAMEWORK_SEARCH_PATHS = ("$(inherited)", "$(SRCROOT)/../build/xcode-frameworks/$(CONFIGURATION)/$(SDK_NAME)");
 LD_RUNPATH_SEARCH_PATHS = ("$(inherited)", "@executable_path/Frameworks");
 OTHER_LDFLAGS = ("$(inherited)", "-framework", MeshboardShared);
 SWIFT_COMPILATION_MODE = wholemodule;}; name = Release;};
 A00000000000000000000020 = {isa = PBXShellScriptBuildPhase; alwaysOutOfDate = 1; buildActionMask = 2147483647; files = (); inputPaths = (); outputPaths = (); name = "Build Kotlin framework"; runOnlyForDeploymentPostprocessing = 0; shellPath = /bin/sh; shellScript = "\"$SRCROOT/build-framework.sh\"";};
 A00000000000000000000021 = {isa = PBXSourcesBuildPhase; buildActionMask = 2147483647; files = (B00000000000000000000007, A00000000000000000000024, B00000000000000000000005); runOnlyForDeploymentPostprocessing = 0;};
 A00000000000000000000022 = {isa = PBXFrameworksBuildPhase; buildActionMask = 2147483647; files = (B00000000000000000000003); runOnlyForDeploymentPostprocessing = 0;};
 A00000000000000000000023 = {isa = PBXResourcesBuildPhase; buildActionMask = 2147483647; files = (A00000000000000000000025); runOnlyForDeploymentPostprocessing = 0;};
 A00000000000000000000024 = {isa = PBXBuildFile; fileRef = A00000000000000000000006;};
 A00000000000000000000025 = {isa = PBXBuildFile; fileRef = A00000000000000000000007;};
 };
 rootObject = A00000000000000000000001;
}
